
Microsoft Visual Studio Solution File, Format Version 12.00
# Visual Studio Version 17
VisualStudioVersion = 17.2.32630.192
MinimumVisualStudioVersion = 10.0.40219.1
Project("{9A19103F-16F7-4668-BE54-9A1E7A4F7556}") = "R5T.T0165.Construction", "R5T.T0165.Construction\R5T.T0165.Construction.csproj", "{8B1C93E3-3A7B-470E-9CCC-0A6A2FB3B8AA}"
EndProject
Project("{9A19103F-16F7-4668-BE54-9A1E7A4F7556}") = "R5T.T0165", "R5T.T0165\R5T.T0165.csproj", "{E2626109-6066-4133-A20F-1D5B9A4DB982}"
EndProject
Project("{2150E333-8FDC-42A3-9474-1A3956D46DE8}") = "_Dependencies", "_Dependencies", "{B3F6AD3A-6B1A-43D5-9339-9BB4501F803B}"
EndProject
Project("{9A19103F-16F7-4668-BE54-9A1E7A4F7556}") = "R5T.T0143", "..\..\R5T.T0143\source\R5T.T0143\R5T.T0143.csproj", "{651D7CA8-3441-4E5B-810E-BBE70FDC016E}"
EndProject
Project("{9A19103F-16F7-4668-BE54-9A1E7A4F7556}") = "R5T.T0150", "..\..\R5T.T0150\source\R5T.T0150\R5T.T0150.csproj", "{6059F49C-3621-42C3-9465-78BB21499E9F}"
EndProject
Project("{9A19103F-16F7-4668-BE54-9A1E7A4F7556}") = "R5T.T0151", "..\..\R5T.T0151\source\R5T.T0151\R5T.T0151.csproj", "{2F307E00-8F93-4E5C-B421-70430AB6E655}"
EndProject
Project("{9A19103F-16F7-4668-BE54-9A1E7A4F7556}") = "R5T.T0163", "..\..\R5T.T0163\source\R5T.T0163\R5T.T0163.csproj", "{CF37C8F7-5429-4460-872A-F8A20EDD06F7}"
EndProject
Project("{9A19103F-16F7-4668-BE54-9A1E7A4F7556}") = "R5T.T0132", "..\..\R5T.T0132\source\R5T.T0132\R5T.T0132.csproj", "{B1BE333B-8764-4BDF-9539-2310743A69FA}"
EndProject
Project("{9A19103F-16F7-4668-BE54-9A1E7A4F7556}") = "R5T.T0164", "..\..\R5T.T0164\source\R5T.T0164\R5T.T0164.csproj", "{391F572E-D7AC-4634-A4DE-11FD615E4621}"
EndProject
Project("{9A19103F-16F7-4668-BE54-9A1E7A4F7556}") = "R5T.T0142", "..\..\R5T.T0142\source\R5T.T0142\R5T.T0142.csproj", "{8B30F53A-9DAF-48A8-B7FC-83CE3E700C62}"
EndProject
Global
	GlobalSection(NestedProjects) = preSolution
		{651D7CA8-3441-4E5B-810E-BBE70FDC016E} = {B3F6AD3A-6B1A-43D5-9339-9BB4501F803B}
		{6059F49C-3621-42C3-9465-78BB21499E9F} = {B3F6AD3A-6B1A-43D5-9339-9BB4501F803B}
		{2F307E00-8F93-4E5C-B421-70430AB6E655} = {B3F6AD3A-6B1A-43D5-9339-9BB4501F803B}
		{CF37C8F7-5429-4460-872A-F8A20EDD06F7} = {B3F6AD3A-6B1A-43D5-9339-9BB4501F803B}
		{B1BE333B-8764-4BDF-9539-2310743A69FA} = {B3F6AD3A-6B1A-43D5-9339-9BB4501F803B}
		{391F572E-D7AC-4634-A4DE-11FD615E4621} = {B3F6AD3A-6B1A-43D5-9339-9BB4501F803B}
		{8B30F53A-9DAF-48A8-B7FC-83CE3E700C62} = {B3F6AD3A-6B1A-43D5-9339-9BB4501F803B}
	EndGlobalSection
	GlobalSection(SolutionConfigurationPlatforms) = preSolution
		Debug|Any CPU = Debug|Any CPU
		Release|Any CPU = Release|Any CPU
	EndGlobalSection
	GlobalSection(ProjectConfigurationPlatforms) = postSolution
		{8B1C93E3-3A7B-470E-9CCC-0A6A2FB3B8AA}.Debug|Any CPU.ActiveCfg = Debug|Any CPU
		{8B1C93E3-3A7B-470E-9CCC-0A6A2FB3B8AA}.Debug|Any CPU.Build.0 = Debug|Any CPU
		{8B1C93E3-3A7B-470E-9CCC-0A6A2FB3B8AA}.Release|Any CPU.ActiveCfg = Release|Any CPU
		{8B1C93E3-3A7B-470E-9CCC-0A6A2FB3B8AA}.Release|Any CPU.Build.0 = Release|Any CPU
		{E2626109-6066-4133-A20F-1D5B9A4DB982}.Debug|Any CPU.ActiveCfg = Debug|Any CPU
		{E2626109-6066-4133-A20F-1D5B9A4DB982}.Debug|Any CPU.Build.0 = Debug|Any CPU
		{E2626109-6066-4133-A20F-1D5B9A4DB982}.Release|Any CPU.ActiveCfg = Release|Any CPU
		{E2626109-6066-4133-A20F-1D5B9A4DB982}.Release|Any CPU.Build.0 = Release|Any CPU
		{651D7CA8-3441-4E5B-810E-BBE70FDC016E}.Debug|Any CPU.ActiveCfg = Debug|Any CPU
		{651D7CA8-3441-4E5B-810E-BBE70FDC016E}.Debug|Any CPU.Build.0 = Debug|Any CPU
		{651D7CA8-3441-4E5B-810E-BBE70FDC016E}.Release|Any CPU.ActiveCfg = Release|Any CPU
		{651D7CA8-3441-4E5B-810E-BBE70FDC016E}.Release|Any CPU.Build.0 = Release|Any CPU
		{6059F49C-3621-42C3-9465-78BB21499E9F}.Debug|Any CPU.ActiveCfg = Debug|Any CPU
		{6059F49C-3621-42C3-9465-78BB21499E9F}.Debug|Any CPU.Build.0 = Debug|Any CPU
		{6059F49C-3621-42C3-9465-78BB21499E9F}.Release|Any CPU.ActiveCfg = Release|Any CPU
		{6059F49C-3621-42C3-9465-78BB21499E9F}.Release|Any CPU.Build.0 = Release|Any CPU
		{2F307E00-8F93-4E5C-B421-70430AB6E655}.Debug|Any CPU.ActiveCfg = Debug|Any CPU
		{2F307E00-8F93-4E5C-B421-70430AB6E655}.Debug|Any CPU.Build.0 = Debug|Any CPU
		{2F307E00-8F93-4E5C-B421-70430AB6E655}.Release|Any CPU.ActiveCfg = Release|Any CPU
		{2F307E00-8F93-4E5C-B421-70430AB6E655}.Release|Any CPU.Build.0 = Release|Any CPU
		{CF37C8F7-5429-4460-872A-F8A20EDD06F7}.Debug|Any CPU.ActiveCfg = Debug|Any CPU
		{CF37C8F7-5429-4460-872A-F8A20EDD06F7}.Debug|Any CPU.Build.0 = Debug|Any CPU
		{CF37C8F7-5429-4460-872A-F8A20EDD06F7}.Release|Any CPU.ActiveCfg = Release|Any CPU
		{CF37C8F7-5429-4460-872A-F8A20EDD06F7}.Release|Any CPU.Build.0 = Release|Any CPU
		{B1BE333B-8764-4BDF-9539-2310743A69FA}.Debug|Any CPU.ActiveCfg = Debug|Any CPU
		{B1BE333B-8764-4BDF-9539-2310743A69FA}.Debug|Any CPU.Build.0 = Debug|Any CPU
		{B1BE333B-8764-4BDF-9539-2310743A69FA}.Release|Any CPU.ActiveCfg = Release|Any CPU
		{B1BE333B-8764-4BDF-9539-2310743A69FA}.Release|Any CPU.Build.0 = Release|Any CPU
		{391F572E-D7AC-4634-A4DE-11FD615E4621}.Debug|Any CPU.ActiveCfg = Debug|Any CPU
		{391F572E-D7AC-4634-A4DE-11FD615E4621}.Debug|Any CPU.Build.0 = Debug|Any CPU
		{391F572E-D7AC-4634-A4DE-11FD615E4621}.Release|Any CPU.ActiveCfg = Release|Any CPU
		{391F572E-D7AC-4634-A4DE-11FD615E4621}.Release|Any CPU.Build.0 = Release|Any CPU
		{8B30F53A-9DAF-48A8-B7FC-83CE3E700C62}.Debug|Any CPU.ActiveCfg = Debug|Any CPU
		{8B30F53A-9DAF-48A8-B7FC-83CE3E700C62}.Debug|Any CPU.Build.0 = Debug|Any CPU
		{8B30F53A-9DAF-48A8-B7FC-83CE3E700C62}.Release|Any CPU.ActiveCfg = Release|Any CPU
		{8B30F53A-9DAF-48A8-B7FC-83CE3E700C62}.Release|Any CPU.Build.0 = Release|Any CPU
	EndGlobalSection
	GlobalSection(SolutionProperties) = preSolution
		HideSolutionNode = FALSE
	EndGlobalSection
	GlobalSection(ExtensibilityGlobals) = postSolution
		SolutionGuid = {60723E99-8791-4E65-A293-7C292B6C2E92}
	EndGlobalSection
EndGlobal
