
Microsoft Visual Studio Solution File, Format Version 12.00
# Visual Studio Version 17
VisualStudioVersion = 17.2.32630.192
MinimumVisualStudioVersion = 10.0.40219.1
Project("{9A19103F-16F7-4668-BE54-9A1E7A4F7556}") = "R5T.T0165", "R5T.T0165\R5T.T0165.csproj", "{E64AD521-BE04-4A2F-BC92-606B4A63301F}"
EndProject
Project("{2150E333-8FDC-42A3-9474-1A3956D46DE8}") = "_Dependencies", "_Dependencies", "{8FF98AE0-0162-4769-8540-98421FE555D8}"
EndProject
Project("{9A19103F-16F7-4668-BE54-9A1E7A4F7556}") = "R5T.T0143", "..\..\R5T.T0143\source\R5T.T0143\R5T.T0143.csproj", "{D7328D7E-6778-41A1-A070-863775D0B8D9}"
EndProject
Project("{9A19103F-16F7-4668-BE54-9A1E7A4F7556}") = "R5T.T0150", "..\..\R5T.T0150\source\R5T.T0150\R5T.T0150.csproj", "{10FE60FC-D728-4E99-BAB2-2F9F76D0B737}"
EndProject
Project("{9A19103F-16F7-4668-BE54-9A1E7A4F7556}") = "R5T.T0151", "..\..\R5T.T0151\source\R5T.T0151\R5T.T0151.csproj", "{186BE5E6-8C34-46B4-9013-483D48EA2313}"
EndProject
Project("{9A19103F-16F7-4668-BE54-9A1E7A4F7556}") = "R5T.T0163", "..\..\R5T.T0163\source\R5T.T0163\R5T.T0163.csproj", "{C357218F-ECED-421B-9AA6-9A16C11B4C5C}"
EndProject
Project("{9A19103F-16F7-4668-BE54-9A1E7A4F7556}") = "R5T.T0132", "..\..\R5T.T0132\source\R5T.T0132\R5T.T0132.csproj", "{D2EFEE09-5CB1-4C6F-A0FF-F6204E5502B2}"
EndProject
Project("{9A19103F-16F7-4668-BE54-9A1E7A4F7556}") = "R5T.T0164", "..\..\R5T.T0164\source\R5T.T0164\R5T.T0164.csproj", "{F17DF0F4-F993-4C41-9F16-98AD2A136B18}"
EndProject
Project("{9A19103F-16F7-4668-BE54-9A1E7A4F7556}") = "R5T.T0142", "..\..\R5T.T0142\source\R5T.T0142\R5T.T0142.csproj", "{EF45211F-6AA2-44B8-85EE-0708F48499EA}"
EndProject
Global
	GlobalSection(NestedProjects) = preSolution
		{D7328D7E-6778-41A1-A070-863775D0B8D9} = {8FF98AE0-0162-4769-8540-98421FE555D8}
		{10FE60FC-D728-4E99-BAB2-2F9F76D0B737} = {8FF98AE0-0162-4769-8540-98421FE555D8}
		{186BE5E6-8C34-46B4-9013-483D48EA2313} = {8FF98AE0-0162-4769-8540-98421FE555D8}
		{C357218F-ECED-421B-9AA6-9A16C11B4C5C} = {8FF98AE0-0162-4769-8540-98421FE555D8}
		{D2EFEE09-5CB1-4C6F-A0FF-F6204E5502B2} = {8FF98AE0-0162-4769-8540-98421FE555D8}
		{F17DF0F4-F993-4C41-9F16-98AD2A136B18} = {8FF98AE0-0162-4769-8540-98421FE555D8}
		{EF45211F-6AA2-44B8-85EE-0708F48499EA} = {8FF98AE0-0162-4769-8540-98421FE555D8}
	EndGlobalSection
	GlobalSection(SolutionConfigurationPlatforms) = preSolution
		Debug|Any CPU = Debug|Any CPU
		Release|Any CPU = Release|Any CPU
	EndGlobalSection
	GlobalSection(ProjectConfigurationPlatforms) = postSolution
		{E64AD521-BE04-4A2F-BC92-606B4A63301F}.Debug|Any CPU.ActiveCfg = Debug|Any CPU
		{E64AD521-BE04-4A2F-BC92-606B4A63301F}.Debug|Any CPU.Build.0 = Debug|Any CPU
		{E64AD521-BE04-4A2F-BC92-606B4A63301F}.Release|Any CPU.ActiveCfg = Release|Any CPU
		{E64AD521-BE04-4A2F-BC92-606B4A63301F}.Release|Any CPU.Build.0 = Release|Any CPU
		{D7328D7E-6778-41A1-A070-863775D0B8D9}.Debug|Any CPU.ActiveCfg = Debug|Any CPU
		{D7328D7E-6778-41A1-A070-863775D0B8D9}.Debug|Any CPU.Build.0 = Debug|Any CPU
		{D7328D7E-6778-41A1-A070-863775D0B8D9}.Release|Any CPU.ActiveCfg = Release|Any CPU
		{D7328D7E-6778-41A1-A070-863775D0B8D9}.Release|Any CPU.Build.0 = Release|Any CPU
		{10FE60FC-D728-4E99-BAB2-2F9F76D0B737}.Debug|Any CPU.ActiveCfg = Debug|Any CPU
		{10FE60FC-D728-4E99-BAB2-2F9F76D0B737}.Debug|Any CPU.Build.0 = Debug|Any CPU
		{10FE60FC-D728-4E99-BAB2-2F9F76D0B737}.Release|Any CPU.ActiveCfg = Release|Any CPU
		{10FE60FC-D728-4E99-BAB2-2F9F76D0B737}.Release|Any CPU.Build.0 = Release|Any CPU
		{186BE5E6-8C34-46B4-9013-483D48EA2313}.Debug|Any CPU.ActiveCfg = Debug|Any CPU
		{186BE5E6-8C34-46B4-9013-483D48EA2313}.Debug|Any CPU.Build.0 = Debug|Any CPU
		{186BE5E6-8C34-46B4-9013-483D48EA2313}.Release|Any CPU.ActiveCfg = Release|Any CPU
		{186BE5E6-8C34-46B4-9013-483D48EA2313}.Release|Any CPU.Build.0 = Release|Any CPU
		{C357218F-ECED-421B-9AA6-9A16C11B4C5C}.Debug|Any CPU.ActiveCfg = Debug|Any CPU
		{C357218F-ECED-421B-9AA6-9A16C11B4C5C}.Debug|Any CPU.Build.0 = Debug|Any CPU
		{C357218F-ECED-421B-9AA6-9A16C11B4C5C}.Release|Any CPU.ActiveCfg = Release|Any CPU
		{C357218F-ECED-421B-9AA6-9A16C11B4C5C}.Release|Any CPU.Build.0 = Release|Any CPU
		{D2EFEE09-5CB1-4C6F-A0FF-F6204E5502B2}.Debug|Any CPU.ActiveCfg = Debug|Any CPU
		{D2EFEE09-5CB1-4C6F-A0FF-F6204E5502B2}.Debug|Any CPU.Build.0 = Debug|Any CPU
		{D2EFEE09-5CB1-4C6F-A0FF-F6204E5502B2}.Release|Any CPU.ActiveCfg = Release|Any CPU
		{D2EFEE09-5CB1-4C6F-A0FF-F6204E5502B2}.Release|Any CPU.Build.0 = Release|Any CPU
		{F17DF0F4-F993-4C41-9F16-98AD2A136B18}.Debug|Any CPU.ActiveCfg = Debug|Any CPU
		{F17DF0F4-F993-4C41-9F16-98AD2A136B18}.Debug|Any CPU.Build.0 = Debug|Any CPU
		{F17DF0F4-F993-4C41-9F16-98AD2A136B18}.Release|Any CPU.ActiveCfg = Release|Any CPU
		{F17DF0F4-F993-4C41-9F16-98AD2A136B18}.Release|Any CPU.Build.0 = Release|Any CPU
		{EF45211F-6AA2-44B8-85EE-0708F48499EA}.Debug|Any CPU.ActiveCfg = Debug|Any CPU
		{EF45211F-6AA2-44B8-85EE-0708F48499EA}.Debug|Any CPU.Build.0 = Debug|Any CPU
		{EF45211F-6AA2-44B8-85EE-0708F48499EA}.Release|Any CPU.ActiveCfg = Release|Any CPU
		{EF45211F-6AA2-44B8-85EE-0708F48499EA}.Release|Any CPU.Build.0 = Release|Any CPU
	EndGlobalSection
	GlobalSection(SolutionProperties) = preSolution
		HideSolutionNode = FALSE
	EndGlobalSection
	GlobalSection(ExtensibilityGlobals) = postSolution
		SolutionGuid = {A63296F4-EA05-4978-A150-BCD41D8EA21A}
	EndGlobalSection
EndGlobal
